
Microsoft Visual Studio Solution File, Format Version 12.00
# Visual Studio Version 16
VisualStudioVersion = 16.0.29728.190
MinimumVisualStudioVersion = 10.0.40219.1
Project("{9A19103F-16F7-4668-BE54-9A1E7A4F7556}") = "ConfigurationReader", "ConfigurationReader\ConfigurationReader.csproj", "{458D7563-EC88-4B96-B909-2C445ACFC687}"
EndProject
Project("{9A19103F-16F7-4668-BE54-9A1E7A4F7556}") = "Homework", "Homework\Homework.csproj", "{44890234-D5E8-4823-ACE4-4525202578F3}"
EndProject
Project("{FAE04EC0-301F-11D3-BF4B-00C04F79EFBC}") = "Configuration", "Configuration\Configuration.csproj", "{1FCB851B-651B-4E32-86DC-184B7C6C718F}"
EndProject
Global
	GlobalSection(SolutionConfigurationPlatforms) = preSolution
		Debug|Any CPU = Debug|Any CPU
		Release|Any CPU = Release|Any CPU
	EndGlobalSection
	GlobalSection(ProjectConfigurationPlatforms) = postSolution
		{458D7563-EC88-4B96-B909-2C445ACFC687}.Debug|Any CPU.ActiveCfg = Debug|Any CPU
		{458D7563-EC88-4B96-B909-2C445ACFC687}.Debug|Any CPU.Build.0 = Debug|Any CPU
		{458D7563-EC88-4B96-B909-2C445ACFC687}.Release|Any CPU.ActiveCfg = Release|Any CPU
		{458D7563-EC88-4B96-B909-2C445ACFC687}.Release|Any CPU.Build.0 = Release|Any CPU
		{44890234-D5E8-4823-ACE4-4525202578F3}.Debug|Any CPU.ActiveCfg = Debug|Any CPU
		{44890234-D5E8-4823-ACE4-4525202578F3}.Debug|Any CPU.Build.0 = Debug|Any CPU
		{44890234-D5E8-4823-ACE4-4525202578F3}.Release|Any CPU.ActiveCfg = Release|Any CPU
		{44890234-D5E8-4823-ACE4-4525202578F3}.Release|Any CPU.Build.0 = Release|Any CPU
		{1FCB851B-651B-4E32-86DC-184B7C6C718F}.Debug|Any CPU.ActiveCfg = Debug|Any CPU
		{1FCB851B-651B-4E32-86DC-184B7C6C718F}.Debug|Any CPU.Build.0 = Debug|Any CPU
		{1FCB851B-651B-4E32-86DC-184B7C6C718F}.Release|Any CPU.ActiveCfg = Release|Any CPU
		{1FCB851B-651B-4E32-86DC-184B7C6C718F}.Release|Any CPU.Build.0 = Release|Any CPU
	EndGlobalSection
	GlobalSection(SolutionProperties) = preSolution
		HideSolutionNode = FALSE
	EndGlobalSection
	GlobalSection(ExtensibilityGlobals) = postSolution
		SolutionGuid = {0BDEE12F-2765-4A7A-8919-81BB95DE5DA8}
	EndGlobalSection
EndGlobal
